
Microsoft Visual Studio Solution File, Format Version 12.00
# Visual Studio Version 16
VisualStudioVersion = 16.0.30621.155
MinimumVisualStudioVersion = 10.0.40219.1
Project("{FAE04EC0-301F-11D3-BF4B-00C04F79EFBC}") = "ithomeFrameworkMvc01", "ithomeFrameworkMvc01\ithomeFrameworkMvc01.csproj", "{1125DAD2-AF15-4EF5-B60A-DE59DF1C2D20}"
EndProject
Global
	GlobalSection(SolutionConfigurationPlatforms) = preSolution
		Debug|Any CPU = Debug|Any CPU
		Release|Any CPU = Release|Any CPU
	EndGlobalSection
	GlobalSection(ProjectConfigurationPlatforms) = postSolution
		{1125DAD2-AF15-4EF5-B60A-DE59DF1C2D20}.Debug|Any CPU.ActiveCfg = Debug|Any CPU
		{1125DAD2-AF15-4EF5-B60A-DE59DF1C2D20}.Debug|Any CPU.Build.0 = Debug|Any CPU
		{1125DAD2-AF15-4EF5-B60A-DE59DF1C2D20}.Release|Any CPU.ActiveCfg = Release|Any CPU
		{1125DAD2-AF15-4EF5-B60A-DE59DF1C2D20}.Release|Any CPU.Build.0 = Release|Any CPU
	EndGlobalSection
	GlobalSection(SolutionProperties) = preSolution
		HideSolutionNode = FALSE
	EndGlobalSection
	GlobalSection(ExtensibilityGlobals) = postSolution
		SolutionGuid = {DC060DC1-C491-488C-BBDA-6FBD3A4E7241}
	EndGlobalSection
EndGlobal
